// !$*UTF8*$!
{
	archiveVersion = 1;
	classes = {
	};
	objectVersion = 56;
	objects = {

/* Begin PBXBuildFile section */
		DC9CD0362A1EDDDD0094646A /* APIApp.swift in Sources */ = {isa = PBXBuildFile; fileRef = DC9CD0352A1EDDDD0094646A /* APIApp.swift */; };
		DC9CD0382A1EDDDD0094646A /* ContentView.swift in Sources */ = {isa = PBXBuildFile; fileRef = DC9CD0372A1EDDDD0094646A /* ContentView.swift */; };
		DC9CD03A2A1EDDDE0094646A /* Assets.xcassets in Resources */ = {isa = PBXBuildFile; fileRef = DC9CD0392A1EDDDE0094646A /* Assets.xcassets */; };
		DC9CD03D2A1EDDDE0094646A /* Preview Assets.xcassets in Resources */ = {isa = PBXBuildFile; fileRef = DC9CD03C2A1EDDDE0094646A /* Preview Assets.xcassets */; };
		DC9CD0442A1EDE0B0094646A /* DataModel.swift in Sources */ = {isa = PBXBuildFile; fileRef = DC9CD0432A1EDE0B0094646A /* DataModel.swift */; };
		DCB10C532BC98C2E0065881F /* Link.swift in Sources */ = {isa = PBXBuildFile; fileRef = DCB10C522BC98C2E0065881F /* Link.swift */; };
		DCB10C552BC98DF40065881F /* DashboardViewModel.swift in Sources */ = {isa = PBXBuildFile; fileRef = DCB10C542BC98DF40065881F /* DashboardViewModel.swift */; };
		DCB10C572BC98ED30065881F /* CardsCollection.swift in Sources */ = {isa = PBXBuildFile; fileRef = DCB10C562BC98ED30065881F /* CardsCollection.swift */; };
		DCB10C5C2BC9A7E80065881F /* SwiftUICharts in Frameworks */ = {isa = PBXBuildFile; productRef = DCB10C5B2BC9A7E80065881F /* SwiftUICharts */; };
		DCD438042A2021990021668D /* getGreeting.swift in Sources */ = {isa = PBXBuildFile; fileRef = DCD438032A2021990021668D /* getGreeting.swift */; };
/* End PBXBuildFile section */

/* Begin PBXFileReference section */
		DC9CD0322A1EDDDD0094646A /* Assignment.app */ = {isa = PBXFileReference; explicitFileType = wrapper.application; includeInIndex = 0; path = Assignment.app; sourceTree = BUILT_PRODUCTS_DIR; };
		DC9CD0352A1EDDDD0094646A /* APIApp.swift */ = {isa = PBXFileReference; lastKnownFileType = sourcecode.swift; path = APIApp.swift; sourceTree = "<group>"; };
		DC9CD0372A1EDDDD0094646A /* ContentView.swift */ = {isa = PBXFileReference; lastKnownFileType = sourcecode.swift; path = ContentView.swift; sourceTree = "<group>"; };
		DC9CD0392A1EDDDE0094646A /* Assets.xcassets */ = {isa = PBXFileReference; lastKnownFileType = folder.assetcatalog; path = Assets.xcassets; sourceTree = "<group>"; };
		DC9CD03C2A1EDDDE0094646A /* Preview Assets.xcassets */ = {isa = PBXFileReference; lastKnownFileType = folder.assetcatalog; path = "Preview Assets.xcassets"; sourceTree = "<group>"; };
		DC9CD0432A1EDE0B0094646A /* DataModel.swift */ = {isa = PBXFileReference; lastKnownFileType = sourcecode.swift; path = DataModel.swift; sourceTree = "<group>"; };
		DCB10C522BC98C2E0065881F /* Link.swift */ = {isa = PBXFileReference; lastKnownFileType = sourcecode.swift; path = Link.swift; sourceTree = "<group>"; };
		DCB10C542BC98DF40065881F /* DashboardViewModel.swift */ = {isa = PBXFileReference; lastKnownFileType = sourcecode.swift; path = DashboardViewModel.swift; sourceTree = "<group>"; };
		DCB10C562BC98ED30065881F /* CardsCollection.swift */ = {isa = PBXFileReference; lastKnownFileType = sourcecode.swift; path = CardsCollection.swift; sourceTree = "<group>"; };
		DCD438032A2021990021668D /* getGreeting.swift */ = {isa = PBXFileReference; lastKnownFileType = sourcecode.swift; path = getGreeting.swift; sourceTree = "<group>"; };
/* End PBXFileReference section */

/* Begin PBXFrameworksBuildPhase section */
		DC9CD02F2A1EDDDD0094646A /* Frameworks */ = {
			isa = PBXFrameworksBuildPhase;
			buildActionMask = 2147483647;
			files = (
				DCB10C5C2BC9A7E80065881F /* SwiftUICharts in Frameworks */,
			);
			runOnlyForDeploymentPostprocessing = 0;
		};
/* End PBXFrameworksBuildPhase section */

/* Begin PBXGroup section */
		DC9CD0292A1EDDDD0094646A = {
			isa = PBXGroup;
			children = (
				DC9CD0342A1EDDDD0094646A /* API */,
				DC9CD0332A1EDDDD0094646A /* Products */,
			);
			sourceTree = "<group>";
		};
		DC9CD0332A1EDDDD0094646A /* Products */ = {
			isa = PBXGroup;
			children = (
				DC9CD0322A1EDDDD0094646A /* Assignment.app */,
			);
			name = Products;
			sourceTree = "<group>";
		};
		DC9CD0342A1EDDDD0094646A /* API */ = {
			isa = PBXGroup;
			children = (
				DC9CD0352A1EDDDD0094646A /* APIApp.swift */,
				DCD437FE2A2021010021668D /* Model */,
				DCD437FF2A20210E0021668D /* View */,
				DCD438022A2021830021668D /* ViewModel */,
				DC9CD0392A1EDDDE0094646A /* Assets.xcassets */,
				DC9CD03B2A1EDDDE0094646A /* Preview Content */,
			);
			path = API;
			sourceTree = "<group>";
		};
		DC9CD03B2A1EDDDE0094646A /* Preview Content */ = {
			isa = PBXGroup;
			children = (
				DC9CD03C2A1EDDDE0094646A /* Preview Assets.xcassets */,
			);
			path = "Preview Content";
			sourceTree = "<group>";
		};
		DCD437FE2A2021010021668D /* Model */ = {
			isa = PBXGroup;
			children = (
				DC9CD0432A1EDE0B0094646A /* DataModel.swift */,
				DCB10C522BC98C2E0065881F /* Link.swift */,
				DCB10C542BC98DF40065881F /* DashboardViewModel.swift */,
			);
			path = Model;
			sourceTree = "<group>";
		};
		DCD437FF2A20210E0021668D /* View */ = {
			isa = PBXGroup;
			children = (
				DC9CD0372A1EDDDD0094646A /* ContentView.swift */,
				DCB10C562BC98ED30065881F /* CardsCollection.swift */,
			);
			path = View;
			sourceTree = "<group>";
		};
		DCD438022A2021830021668D /* ViewModel */ = {
			isa = PBXGroup;
			children = (
				DCD438032A2021990021668D /* getGreeting.swift */,
			);
			path = ViewModel;
			sourceTree = "<group>";
		};
/* End PBXGroup section */

/* Begin PBXNativeTarget section */
		DC9CD0312A1EDDDD0094646A /* Assignment */ = {
			isa = PBXNativeTarget;
			buildConfigurationList = DC9CD0402A1EDDDE0094646A /* Build configuration list for PBXNativeTarget "Assignment" */;
			buildPhases = (
				DC9CD02E2A1EDDDD0094646A /* Sources */,
				DC9CD02F2A1EDDDD0094646A /* Frameworks */,
				DC9CD0302A1EDDDD0094646A /* Resources */,
			);
			buildRules = (
			);
			dependencies = (
			);
			name = Assignment;
			packageProductDependencies = (
				DCB10C5B2BC9A7E80065881F /* SwiftUICharts */,
			);
			productName = API;
			productReference = DC9CD0322A1EDDDD0094646A /* Assignment.app */;
			productType = "com.apple.product-type.application";
		};
/* End PBXNativeTarget section */

/* Begin PBXProject section */
		DC9CD02A2A1EDDDD0094646A /* Project object */ = {
			isa = PBXProject;
			attributes = {
				BuildIndependentTargetsInParallel = 1;
				LastSwiftUpdateCheck = 1420;
				LastUpgradeCheck = 1420;
				TargetAttributes = {
					DC9CD0312A1EDDDD0094646A = {
						CreatedOnToolsVersion = 14.2;
					};
				};
			};
			buildConfigurationList = DC9CD02D2A1EDDDD0094646A /* Build configuration list for PBXProject "Assignment" */;
			compatibilityVersion = "Xcode 14.0";
			developmentRegion = en;
			hasScannedForEncodings = 0;
			knownRegions = (
				en,
				Base,
			);
			mainGroup = DC9CD0292A1EDDDD0094646A;
			packageReferences = (
				DCB10C5A2BC9A7E80065881F /* XCRemoteSwiftPackageReference "ChartView" */,
			);
			productRefGroup = DC9CD0332A1EDDDD0094646A /* Products */;
			projectDirPath = "";
			projectRoot = "";
			targets = (
				DC9CD0312A1EDDDD0094646A /* Assignment */,
			);
		};
/* End PBXProject section */

/* Begin PBXResourcesBuildPhase section */
		DC9CD0302A1EDDDD0094646A /* Resources */ = {
			isa = PBXResourcesBuildPhase;
			buildActionMask = 2147483647;
			files = (
				DC9CD03D2A1EDDDE0094646A /* Preview Assets.xcassets in Resources */,
				DC9CD03A2A1EDDDE0094646A /* Assets.xcassets in Resources */,
			);
			runOnlyForDeploymentPostprocessing = 0;
		};
/* End PBXResourcesBuildPhase section */

/* Begin PBXSourcesBuildPhase section */
		DC9CD02E2A1EDDDD0094646A /* Sources */ = {
			isa = PBXSourcesBuildPhase;
			buildActionMask = 2147483647;
			files = (
				DC9CD0382A1EDDDD0094646A /* ContentView.swift in Sources */,
				DCD438042A2021990021668D /* getGreeting.swift in Sources */,
				DC9CD0362A1EDDDD0094646A /* APIApp.swift in Sources */,
				DCB10C532BC98C2E0065881F /* Link.swift in Sources */,
				DCB10C572BC98ED30065881F /* CardsCollection.swift in Sources */,
				DC9CD0442A1EDE0B0094646A /* DataModel.swift in Sources */,
				DCB10C552BC98DF40065881F /* DashboardViewModel.swift in Sources */,
			);
			runOnlyForDeploymentPostprocessing = 0;
		};
/* End PBXSourcesBuildPhase section */

/* Begin XCBuildConfiguration section */
		DC9CD03E2A1EDDDE0094646A /* Debug */ = {
			isa = XCBuildConfiguration;
			buildSettings = {
				ALWAYS_SEARCH_USER_PATHS = NO;
				CLANG_ANALYZER_NONNULL = YES;
				CLANG_ANALYZER_NUMBER_OBJECT_CONVERSION = YES_AGGRESSIVE;
				CLANG_CXX_LANGUAGE_STANDARD = "gnu++20";
				CLANG_ENABLE_MODULES = YES;
				CLANG_ENABLE_OBJC_ARC = YES;
				CLANG_ENABLE_OBJC_WEAK = YES;
				CLANG_WARN_BLOCK_CAPTURE_AUTORELEASING = YES;
				CLANG_WARN_BOOL_CONVERSION = YES;
				CLANG_WARN_COMMA = YES;
				CLANG_WARN_CONSTANT_CONVERSION = YES;
				CLANG_WARN_DEPRECATED_OBJC_IMPLEMENTATIONS = YES;
				CLANG_WARN_DIRECT_OBJC_ISA_USAGE = YES_ERROR;
				CLANG_WARN_DOCUMENTATION_COMMENTS = YES;
				CLANG_WARN_EMPTY_BODY = YES;
				CLANG_WARN_ENUM_CONVERSION = YES;
				CLANG_WARN_INFINITE_RECURSION = YES;
				CLANG_WARN_INT_CONVERSION = YES;
				CLANG_WARN_NON_LITERAL_NULL_CONVERSION = YES;
				CLANG_WARN_OBJC_IMPLICIT_RETAIN_SELF = YES;
				CLANG_WARN_OBJC_LITERAL_CONVERSION = YES;
				CLANG_WARN_OBJC_ROOT_CLASS = YES_ERROR;
				CLANG_WARN_QUOTED_INCLUDE_IN_FRAMEWORK_HEADER = YES;
				CLANG_WARN_RANGE_LOOP_ANALYSIS = YES;
				CLANG_WARN_STRICT_PROTOTYPES = YES;
				CLANG_WARN_SUSPICIOUS_MOVE = YES;
				CLANG_WARN_UNGUARDED_AVAILABILITY = YES_AGGRESSIVE;
				CLANG_WARN_UNREACHABLE_CODE = YES;
				CLANG_WARN__DUPLICATE_METHOD_MATCH = YES;
				COPY_PHASE_STRIP = NO;
				DEBUG_INFORMATION_FORMAT = dwarf;
				ENABLE_STRICT_OBJC_MSGSEND = YES;
				ENABLE_TESTABILITY = YES;
				GCC_C_LANGUAGE_STANDARD = gnu11;
				GCC_DYNAMIC_NO_PIC = NO;
				GCC_NO_COMMON_BLOCKS = YES;
				GCC_OPTIMIZATION_LEVEL = 0;
				GCC_PREPROCESSOR_DEFINITIONS = (
					"DEBUG=1",
					"$(inherited)",
				);
				GCC_WARN_64_TO_32_BIT_CONVERSION = YES;
				GCC_WARN_ABOUT_RETURN_TYPE = YES_ERROR;
				GCC_WARN_UNDECLARED_SELECTOR = YES;
				GCC_WARN_UNINITIALIZED_AUTOS = YES_AGGRESSIVE;
				GCC_WARN_UNUSED_FUNCTION = YES;
				GCC_WARN_UNUSED_VARIABLE = YES;
				IPHONEOS_DEPLOYMENT_TARGET = 16.2;
				MTL_ENABLE_DEBUG_INFO = INCLUDE_SOURCE;
				MTL_FAST_MATH = YES;
				ONLY_ACTIVE_ARCH = YES;
				SDKROOT = iphoneos;
				SWIFT_ACTIVE_COMPILATION_CONDITIONS = DEBUG;
				SWIFT_OPTIMIZATION_LEVEL = "-Onone";
			};
			name = Debug;
		};
		DC9CD03F2A1EDDDE0094646A /* Release */ = {
			isa = XCBuildConfiguration;
			buildSettings = {
				ALWAYS_SEARCH_USER_PATHS = NO;
				CLANG_ANALYZER_NONNULL = YES;
				CLANG_ANALYZER_NUMBER_OBJECT_CONVERSION = YES_AGGRESSIVE;
				CLANG_CXX_LANGUAGE_STANDARD = "gnu++20";
				CLANG_ENABLE_MODULES = YES;
				CLANG_ENABLE_OBJC_ARC = YES;
				CLANG_ENABLE_OBJC_WEAK = YES;
				CLANG_WARN_BLOCK_CAPTURE_AUTORELEASING = YES;
				CLANG_WARN_BOOL_CONVERSION = YES;
				CLANG_WARN_COMMA = YES;
				CLANG_WARN_CONSTANT_CONVERSION = YES;
				CLANG_WARN_DEPRECATED_OBJC_IMPLEMENTATIONS = YES;
				CLANG_WARN_DIRECT_OBJC_ISA_USAGE = YES_ERROR;
				CLANG_WARN_DOCUMENTATION_COMMENTS = YES;
				CLANG_WARN_EMPTY_BODY = YES;
				CLANG_WARN_ENUM_CONVERSION = YES;
				CLANG_WARN_INFINITE_RECURSION = YES;
				CLANG_WARN_INT_CONVERSION = YES;
				CLANG_WARN_NON_LITERAL_NULL_CONVERSION = YES;
				CLANG_WARN_OBJC_IMPLICIT_RETAIN_SELF = YES;
				CLANG_WARN_OBJC_LITERAL_CONVERSION = YES;
				CLANG_WARN_OBJC_ROOT_CLASS = YES_ERROR;
				CLANG_WARN_QUOTED_INCLUDE_IN_FRAMEWORK_HEADER = YES;
				CLANG_WARN_RANGE_LOOP_ANALYSIS = YES;
				CLANG_WARN_STRICT_PROTOTYPES = YES;
				CLANG_WARN_SUSPICIOUS_MOVE = YES;
				CLANG_WARN_UNGUARDED_AVAILABILITY = YES_AGGRESSIVE;
				CLANG_WARN_UNREACHABLE_CODE = YES;
				CLANG_WARN__DUPLICATE_METHOD_MATCH = YES;
				COPY_PHASE_STRIP = NO;
				DEBUG_INFORMATION_FORMAT = "dwarf-with-dsym";
				ENABLE_NS_ASSERTIONS = NO;
				ENABLE_STRICT_OBJC_MSGSEND = YES;
				GCC_C_LANGUAGE_STANDARD = gnu11;
				GCC_NO_COMMON_BLOCKS = YES;
				GCC_WARN_64_TO_32_BIT_CONVERSION = YES;
				GCC_WARN_ABOUT_RETURN_TYPE = YES_ERROR;
				GCC_WARN_UNDECLARED_SELECTOR = YES;
				GCC_WARN_UNINITIALIZED_AUTOS = YES_AGGRESSIVE;
				GCC_WARN_UNUSED_FUNCTION = YES;
				GCC_WARN_UNUSED_VARIABLE = YES;
				IPHONEOS_DEPLOYMENT_TARGET = 16.2;
				MTL_ENABLE_DEBUG_INFO = NO;
				MTL_FAST_MATH = YES;
				SDKROOT = iphoneos;
				SWIFT_COMPILATION_MODE = wholemodule;
				SWIFT_OPTIMIZATION_LEVEL = "-O";
				VALIDATE_PRODUCT = YES;
			};
			name = Release;
		};
		DC9CD0412A1EDDDE0094646A /* Debug */ = {
			isa = XCBuildConfiguration;
			buildSettings = {
				ASSETCATALOG_COMPILER_APPICON_NAME = AppIcon;
				ASSETCATALOG_COMPILER_GLOBAL_ACCENT_COLOR_NAME = AccentColor;
				CODE_SIGN_STYLE = Automatic;
				CURRENT_PROJECT_VERSION = 1;
				DEVELOPMENT_ASSET_PATHS = "\"API/Preview Content\"";
				DEVELOPMENT_TEAM = UUBAFM3P78;
				ENABLE_PREVIEWS = YES;
				GENERATE_INFOPLIST_FILE = YES;
				INFOPLIST_KEY_UIApplicationSceneManifest_Generation = YES;
				INFOPLIST_KEY_UIApplicationSupportsIndirectInputEvents = YES;
				INFOPLIST_KEY_UILaunchScreen_Generation = YES;
				INFOPLIST_KEY_UISupportedInterfaceOrientations_iPad = "UIInterfaceOrientationPortrait UIInterfaceOrientationPortraitUpsideDown UIInterfaceOrientationLandscapeLeft UIInterfaceOrientationLandscapeRight";
				INFOPLIST_KEY_UISupportedInterfaceOrientations_iPhone = "UIInterfaceOrientationPortrait UIInterfaceOrientationLandscapeLeft UIInterfaceOrientationLandscapeRight";
				LD_RUNPATH_SEARCH_PATHS = (
					"$(inherited)",
					"@executable_path/Frameworks",
				);
				MARKETING_VERSION = 1.0;
				PRODUCT_BUNDLE_IDENTIFIER = com.vennyvirtuoso.API;
				PRODUCT_NAME = "$(TARGET_NAME)";
				SWIFT_EMIT_LOC_STRINGS = YES;
				SWIFT_VERSION = 5.0;
				TARGETED_DEVICE_FAMILY = "1,2";
			};
			name = Debug;
		};
		DC9CD0422A1EDDDE0094646A /* Release */ = {
			isa = XCBuildConfiguration;
			buildSettings = {
				ASSETCATALOG_COMPILER_APPICON_NAME = AppIcon;
				ASSETCATALOG_COMPILER_GLOBAL_ACCENT_COLOR_NAME = AccentColor;
				CODE_SIGN_STYLE = Automatic;
				CURRENT_PROJECT_VERSION = 1;
				DEVELOPMENT_ASSET_PATHS = "\"API/Preview Content\"";
				DEVELOPMENT_TEAM = UUBAFM3P78;
				ENABLE_PREVIEWS = YES;
				GENERATE_INFOPLIST_FILE = YES;
				INFOPLIST_KEY_UIApplicationSceneManifest_Generation = YES;
				INFOPLIST_KEY_UIApplicationSupportsIndirectInputEvents = YES;
				INFOPLIST_KEY_UILaunchScreen_Generation = YES;
				INFOPLIST_KEY_UISupportedInterfaceOrientations_iPad = "UIInterfaceOrientationPortrait UIInterfaceOrientationPortraitUpsideDown UIInterfaceOrientationLandscapeLeft UIInterfaceOrientationLandscapeRight";
				INFOPLIST_KEY_UISupportedInterfaceOrientations_iPhone = "UIInterfaceOrientationPortrait UIInterfaceOrientationLandscapeLeft UIInterfaceOrientationLandscapeRight";
				LD_RUNPATH_SEARCH_PATHS = (
					"$(inherited)",
					"@executable_path/Frameworks",
				);
				MARKETING_VERSION = 1.0;
				PRODUCT_BUNDLE_IDENTIFIER = com.vennyvirtuoso.API;
				PRODUCT_NAME = "$(TARGET_NAME)";
				SWIFT_EMIT_LOC_STRINGS = YES;
				SWIFT_VERSION = 5.0;
				TARGETED_DEVICE_FAMILY = "1,2";
			};
			name = Release;
		};
/* End XCBuildConfiguration section */

/* Begin XCConfigurationList section */
		DC9CD02D2A1EDDDD0094646A /* Build configuration list for PBXProject "Assignment" */ = {
			isa = XCConfigurationList;
			buildConfigurations = (
				DC9CD03E2A1EDDDE0094646A /* Debug */,
				DC9CD03F2A1EDDDE0094646A /* Release */,
			);
			defaultConfigurationIsVisible = 0;
			defaultConfigurationName = Release;
		};
		DC9CD0402A1EDDDE0094646A /* Build configuration list for PBXNativeTarget "Assignment" */ = {
			isa = XCConfigurationList;
			buildConfigurations = (
				DC9CD0412A1EDDDE0094646A /* Debug */,
				DC9CD0422A1EDDDE0094646A /* Release */,
			);
			defaultConfigurationIsVisible = 0;
			defaultConfigurationName = Release;
		};
/* End XCConfigurationList section */

/* Begin XCRemoteSwiftPackageReference section */
		DCB10C5A2BC9A7E80065881F /* XCRemoteSwiftPackageReference "ChartView" */ = {
			isa = XCRemoteSwiftPackageReference;
			repositoryURL = "https://github.com/AppPear/ChartView.git";
			requirement = {
				kind = upToNextMajorVersion;
				minimumVersion = 1.5.5;
			};
		};
/* End XCRemoteSwiftPackageReference section */

/* Begin XCSwiftPackageProductDependency section */
		DCB10C5B2BC9A7E80065881F /* SwiftUICharts */ = {
			isa = XCSwiftPackageProductDependency;
			package = DCB10C5A2BC9A7E80065881F /* XCRemoteSwiftPackageReference "ChartView" */;
			productName = SwiftUICharts;
		};
/* End XCSwiftPackageProductDependency section */
	};
	rootObject = DC9CD02A2A1EDDDD0094646A /* Project object */;
}
